
Microsoft Visual Studio Solution File, Format Version 12.00
# Visual Studio Version 17
VisualStudioVersion = 17.7.34031.279
MinimumVisualStudioVersion = 10.0.40219.1
Project("{2150E333-8FDC-42A3-9474-1A3956D46DE8}") = "Services", "Services", "{72A5FFEC-B13C-4602-9BDF-A564FD61FF97}"
EndProject
Project("{2150E333-8FDC-42A3-9474-1A3956D46DE8}") = "Catalog", "Catalog", "{AF8C855F-5BE6-4921-B98D-0AB774E5E9EB}"
EndProject
Project("{9A19103F-16F7-4668-BE54-9A1E7A4F7556}") = "Catalog.API", "Services\Catalog\Catalog.API\Catalog.API.csproj", "{2F372B44-9B16-4BE7-A77C-FFCD9BCE2C2E}"
EndProject
Project("{E53339B2-1760-4266-BCC7-CA923CBCF16C}") = "docker-compose", "docker-compose.dcproj", "{8FC59858-7055-4187-8D54-ED13EA38C7EE}"
EndProject
Project("{2150E333-8FDC-42A3-9474-1A3956D46DE8}") = "Basket", "Basket", "{7295B23B-9DA2-42F0-AAE1-6BB11437278E}"
EndProject
Project("{9A19103F-16F7-4668-BE54-9A1E7A4F7556}") = "Basket.API", "Services\Basket\Basket.API\Basket.API.csproj", "{80CF1E3C-FB8D-4C1C-9BCD-EB1BE515E779}"
EndProject
Project("{2150E333-8FDC-42A3-9474-1A3956D46DE8}") = "Discount", "Discount", "{B92DDC66-6993-4606-87AC-CDB2B150B543}"
EndProject
Project("{9A19103F-16F7-4668-BE54-9A1E7A4F7556}") = "Discount.API", "Services\Discount\Discount.API\Discount.API.csproj", "{370C6280-E4A5-42B4-9579-A7A92B998121}"
EndProject
Project("{9A19103F-16F7-4668-BE54-9A1E7A4F7556}") = "Discount.Grpc", "Services\Discount\Discount.Grpc\Discount.Grpc.csproj", "{76F85ACC-6FCA-49BE-BDBB-C25416DBCF7D}"
EndProject
Project("{2150E333-8FDC-42A3-9474-1A3956D46DE8}") = "Ordering", "Ordering", "{73DCA0B0-EDA6-4D16-A432-7A8216246BC8}"
EndProject
Project("{9A19103F-16F7-4668-BE54-9A1E7A4F7556}") = "Ordering.API", "Services\Ordering\Ordering.API\Ordering.API.csproj", "{FC6F7783-7BC9-40E6-A8DB-76C5E5F9909D}"
EndProject
Project("{9A19103F-16F7-4668-BE54-9A1E7A4F7556}") = "Ordering.Domain", "Services\Ordering\Ordering.Domain\Ordering.Domain.csproj", "{32FF7CFD-F643-449E-A81F-C3EC24BB6848}"
EndProject
Project("{9A19103F-16F7-4668-BE54-9A1E7A4F7556}") = "Ordering.Application", "Services\Ordering\Ordering.Application\Ordering.Application.csproj", "{A5341FB4-4299-44E3-A8B9-42B94C4A113F}"
EndProject
Project("{9A19103F-16F7-4668-BE54-9A1E7A4F7556}") = "Ordering.Infrastructure", "Services\Ordering\Ordering.Infrastructure\Ordering.Infrastructure.csproj", "{FD46C34B-2802-4B90-B872-DF28F6E1D98F}"
EndProject
Project("{2150E333-8FDC-42A3-9474-1A3956D46DE8}") = "BuildingBlocks", "BuildingBlocks", "{3AC482FA-FDA7-4E2D-9AAA-84959181EED2}"
EndProject
Project("{9A19103F-16F7-4668-BE54-9A1E7A4F7556}") = "EventBus.Messages", "BuildingBlocks\EventBus.Messages\EventBus.Messages.csproj", "{503089CB-E53C-4B52-BB55-F35A61964BB9}"
EndProject
Project("{2150E333-8FDC-42A3-9474-1A3956D46DE8}") = "ApiGateways", "ApiGateways", "{50568BFC-8508-44B6-872A-551EEB46BC79}"
EndProject
Project("{9A19103F-16F7-4668-BE54-9A1E7A4F7556}") = "OcelotApiGw", "ApiGateways\OcelotApiGw\OcelotApiGw.csproj", "{E88DA2B5-01F0-41F3-B7A4-EE2242E2B367}"
EndProject
Project("{FAE04EC0-301F-11D3-BF4B-00C04F79EFBC}") = "Shopping.Aggregator", "ApiGateways\Shopping.Aggregator\Shopping.Aggregator.csproj", "{FD641EF1-3060-47F2-9FDF-40E36E42684C}"
EndProject
Project("{2150E333-8FDC-42A3-9474-1A3956D46DE8}") = "WebApps", "WebApps", "{12A1B91B-106B-40F6-A9F9-4FF97DD73A8D}"
EndProject
Global
	GlobalSection(SolutionConfigurationPlatforms) = preSolution
		Debug|Any CPU = Debug|Any CPU
		Release|Any CPU = Release|Any CPU
	EndGlobalSection
	GlobalSection(ProjectConfigurationPlatforms) = postSolution
		{2F372B44-9B16-4BE7-A77C-FFCD9BCE2C2E}.Debug|Any CPU.ActiveCfg = Debug|Any CPU
		{2F372B44-9B16-4BE7-A77C-FFCD9BCE2C2E}.Debug|Any CPU.Build.0 = Debug|Any CPU
		{2F372B44-9B16-4BE7-A77C-FFCD9BCE2C2E}.Release|Any CPU.ActiveCfg = Release|Any CPU
		{2F372B44-9B16-4BE7-A77C-FFCD9BCE2C2E}.Release|Any CPU.Build.0 = Release|Any CPU
		{8FC59858-7055-4187-8D54-ED13EA38C7EE}.Debug|Any CPU.ActiveCfg = Debug|Any CPU
		{8FC59858-7055-4187-8D54-ED13EA38C7EE}.Debug|Any CPU.Build.0 = Debug|Any CPU
		{8FC59858-7055-4187-8D54-ED13EA38C7EE}.Release|Any CPU.ActiveCfg = Release|Any CPU
		{8FC59858-7055-4187-8D54-ED13EA38C7EE}.Release|Any CPU.Build.0 = Release|Any CPU
		{80CF1E3C-FB8D-4C1C-9BCD-EB1BE515E779}.Debug|Any CPU.ActiveCfg = Debug|Any CPU
		{80CF1E3C-FB8D-4C1C-9BCD-EB1BE515E779}.Debug|Any CPU.Build.0 = Debug|Any CPU
		{80CF1E3C-FB8D-4C1C-9BCD-EB1BE515E779}.Release|Any CPU.ActiveCfg = Release|Any CPU
		{80CF1E3C-FB8D-4C1C-9BCD-EB1BE515E779}.Release|Any CPU.Build.0 = Release|Any CPU
		{370C6280-E4A5-42B4-9579-A7A92B998121}.Debug|Any CPU.ActiveCfg = Debug|Any CPU
		{370C6280-E4A5-42B4-9579-A7A92B998121}.Debug|Any CPU.Build.0 = Debug|Any CPU
		{370C6280-E4A5-42B4-9579-A7A92B998121}.Release|Any CPU.ActiveCfg = Release|Any CPU
		{370C6280-E4A5-42B4-9579-A7A92B998121}.Release|Any CPU.Build.0 = Release|Any CPU
		{76F85ACC-6FCA-49BE-BDBB-C25416DBCF7D}.Debug|Any CPU.ActiveCfg = Debug|Any CPU
		{76F85ACC-6FCA-49BE-BDBB-C25416DBCF7D}.Debug|Any CPU.Build.0 = Debug|Any CPU
		{76F85ACC-6FCA-49BE-BDBB-C25416DBCF7D}.Release|Any CPU.ActiveCfg = Release|Any CPU
		{76F85ACC-6FCA-49BE-BDBB-C25416DBCF7D}.Release|Any CPU.Build.0 = Release|Any CPU
		{FC6F7783-7BC9-40E6-A8DB-76C5E5F9909D}.Debug|Any CPU.ActiveCfg = Debug|Any CPU
		{FC6F7783-7BC9-40E6-A8DB-76C5E5F9909D}.Debug|Any CPU.Build.0 = Debug|Any CPU
		{FC6F7783-7BC9-40E6-A8DB-76C5E5F9909D}.Release|Any CPU.ActiveCfg = Release|Any CPU
		{FC6F7783-7BC9-40E6-A8DB-76C5E5F9909D}.Release|Any CPU.Build.0 = Release|Any CPU
		{32FF7CFD-F643-449E-A81F-C3EC24BB6848}.Debug|Any CPU.ActiveCfg = Debug|Any CPU
		{32FF7CFD-F643-449E-A81F-C3EC24BB6848}.Debug|Any CPU.Build.0 = Debug|Any CPU
		{32FF7CFD-F643-449E-A81F-C3EC24BB6848}.Release|Any CPU.ActiveCfg = Release|Any CPU
		{32FF7CFD-F643-449E-A81F-C3EC24BB6848}.Release|Any CPU.Build.0 = Release|Any CPU
		{A5341FB4-4299-44E3-A8B9-42B94C4A113F}.Debug|Any CPU.ActiveCfg = Debug|Any CPU
		{A5341FB4-4299-44E3-A8B9-42B94C4A113F}.Debug|Any CPU.Build.0 = Debug|Any CPU
		{A5341FB4-4299-44E3-A8B9-42B94C4A113F}.Release|Any CPU.ActiveCfg = Release|Any CPU
		{A5341FB4-4299-44E3-A8B9-42B94C4A113F}.Release|Any CPU.Build.0 = Release|Any CPU
		{FD46C34B-2802-4B90-B872-DF28F6E1D98F}.Debug|Any CPU.ActiveCfg = Debug|Any CPU
		{FD46C34B-2802-4B90-B872-DF28F6E1D98F}.Debug|Any CPU.Build.0 = Debug|Any CPU
		{FD46C34B-2802-4B90-B872-DF28F6E1D98F}.Release|Any CPU.ActiveCfg = Release|Any CPU
		{FD46C34B-2802-4B90-B872-DF28F6E1D98F}.Release|Any CPU.Build.0 = Release|Any CPU
		{503089CB-E53C-4B52-BB55-F35A61964BB9}.Debug|Any CPU.ActiveCfg = Debug|Any CPU
		{503089CB-E53C-4B52-BB55-F35A61964BB9}.Debug|Any CPU.Build.0 = Debug|Any CPU
		{503089CB-E53C-4B52-BB55-F35A61964BB9}.Release|Any CPU.ActiveCfg = Release|Any CPU
		{503089CB-E53C-4B52-BB55-F35A61964BB9}.Release|Any CPU.Build.0 = Release|Any CPU
		{E88DA2B5-01F0-41F3-B7A4-EE2242E2B367}.Debug|Any CPU.ActiveCfg = Debug|Any CPU
		{E88DA2B5-01F0-41F3-B7A4-EE2242E2B367}.Debug|Any CPU.Build.0 = Debug|Any CPU
		{E88DA2B5-01F0-41F3-B7A4-EE2242E2B367}.Release|Any CPU.ActiveCfg = Release|Any CPU
		{E88DA2B5-01F0-41F3-B7A4-EE2242E2B367}.Release|Any CPU.Build.0 = Release|Any CPU
		{FD641EF1-3060-47F2-9FDF-40E36E42684C}.Debug|Any CPU.ActiveCfg = Debug|Any CPU
		{FD641EF1-3060-47F2-9FDF-40E36E42684C}.Debug|Any CPU.Build.0 = Debug|Any CPU
		{FD641EF1-3060-47F2-9FDF-40E36E42684C}.Release|Any CPU.ActiveCfg = Release|Any CPU
		{FD641EF1-3060-47F2-9FDF-40E36E42684C}.Release|Any CPU.Build.0 = Release|Any CPU
	EndGlobalSection
	GlobalSection(SolutionProperties) = preSolution
		HideSolutionNode = FALSE
	EndGlobalSection
	GlobalSection(NestedProjects) = preSolution
		{AF8C855F-5BE6-4921-B98D-0AB774E5E9EB} = {72A5FFEC-B13C-4602-9BDF-A564FD61FF97}
		{2F372B44-9B16-4BE7-A77C-FFCD9BCE2C2E} = {AF8C855F-5BE6-4921-B98D-0AB774E5E9EB}
		{7295B23B-9DA2-42F0-AAE1-6BB11437278E} = {72A5FFEC-B13C-4602-9BDF-A564FD61FF97}
		{80CF1E3C-FB8D-4C1C-9BCD-EB1BE515E779} = {7295B23B-9DA2-42F0-AAE1-6BB11437278E}
		{B92DDC66-6993-4606-87AC-CDB2B150B543} = {72A5FFEC-B13C-4602-9BDF-A564FD61FF97}
		{370C6280-E4A5-42B4-9579-A7A92B998121} = {B92DDC66-6993-4606-87AC-CDB2B150B543}
		{76F85ACC-6FCA-49BE-BDBB-C25416DBCF7D} = {B92DDC66-6993-4606-87AC-CDB2B150B543}
		{73DCA0B0-EDA6-4D16-A432-7A8216246BC8} = {72A5FFEC-B13C-4602-9BDF-A564FD61FF97}
		{FC6F7783-7BC9-40E6-A8DB-76C5E5F9909D} = {73DCA0B0-EDA6-4D16-A432-7A8216246BC8}
		{32FF7CFD-F643-449E-A81F-C3EC24BB6848} = {73DCA0B0-EDA6-4D16-A432-7A8216246BC8}
		{A5341FB4-4299-44E3-A8B9-42B94C4A113F} = {73DCA0B0-EDA6-4D16-A432-7A8216246BC8}
		{FD46C34B-2802-4B90-B872-DF28F6E1D98F} = {73DCA0B0-EDA6-4D16-A432-7A8216246BC8}
		{503089CB-E53C-4B52-BB55-F35A61964BB9} = {3AC482FA-FDA7-4E2D-9AAA-84959181EED2}
		{E88DA2B5-01F0-41F3-B7A4-EE2242E2B367} = {50568BFC-8508-44B6-872A-551EEB46BC79}
		{FD641EF1-3060-47F2-9FDF-40E36E42684C} = {50568BFC-8508-44B6-872A-551EEB46BC79}
	EndGlobalSection
	GlobalSection(ExtensibilityGlobals) = postSolution
		SolutionGuid = {14D186B7-0F07-4B6E-B55F-32B5AA7B478E}
	EndGlobalSection
EndGlobal
